# This file is automatically @generated by Wally.
# It is not intended for manual editing.
registry = "test"

[[package]]
name = "egomoose/character-animate"
version = "0.0.3"
dependencies = [["Signal", "stravant/goodsignal@0.2.1"]]

[[package]]
name = "egomoose/character-sounds"
version = "0.2.1"
dependencies = [["Signal", "stravant/goodsignal@0.2.1"]]

[[package]]
name = "egomoose/raycast-helper"
version = "3.0.0"
dependencies = []

[[package]]
name = "egomoose/rbx-wallstick"
version = "0.1.0"
dependencies = [["CharacterAnimate", "egomoose/character-animate@0.0.3"], ["CharacterSounds", "egomoose/character-sounds@0.2.1"], ["RaycastHelper", "egomoose/raycast-helper@3.0.0"], ["Trove", "sleitnick/trove@1.5.0"], ["TypedRemote", "sleitnick/typed-remote@0.2.0"], ["PlayerModule", "upliftgames/playermodule@664.0.6640713"]]

[[package]]
name = "sleitnick/trove"
version = "1.5.0"
dependencies = []

[[package]]
name = "sleitnick/typed-remote"
version = "0.2.0"
dependencies = []

[[package]]
name = "stravant/goodsignal"
version = "0.2.1"
dependencies = []

[[package]]
name = "upliftgames/playermodule"
version = "664.0.6640713"
dependencies = []
